// !$*UTF8*$!
{
	archiveVersion = 1;
	classes = {
	};
	objectVersion = 46;
	objects = {

/* Begin PBXBuildFile section */
		CD1FACA91D1FCF1F00DB4B6E /* Hritik.cpp in Sources */ = {isa = PBXBuildFile; fileRef = CD1FACA71D1FCF1F00DB4B6E /* Hritik.cpp */; };
		CDC2C8D51D1C4E910013E506 /* main.cpp in Sources */ = {isa = PBXBuildFile; fileRef = CDC2C8D41D1C4E910013E506 /* main.cpp */; };
/* End PBXBuildFile section */

/* Begin PBXCopyFilesBuildPhase section */
		CDC2C8CF1D1C4E910013E506 /* CopyFiles */ = {
			isa = PBXCopyFilesBuildPhase;
			buildActionMask = 2147483647;
			dstPath = /usr/share/man/man1/;
			dstSubfolderSpec = 0;
			files = (
			);
			runOnlyForDeploymentPostprocessing = 1;
		};
/* End PBXCopyFilesBuildPhase section */

/* Begin PBXFileReference section */
		CD1FACA71D1FCF1F00DB4B6E /* Hritik.cpp */ = {isa = PBXFileReference; fileEncoding = 4; lastKnownFileType = sourcecode.cpp.cpp; name = Hritik.cpp; path = ../StarShade/Hritik.cpp; sourceTree = "<group>"; };
		CD1FACA81D1FCF1F00DB4B6E /* Hritik.hpp */ = {isa = PBXFileReference; fileEncoding = 4; lastKnownFileType = sourcecode.cpp.h; name = Hritik.hpp; path = ../StarShade/Hritik.hpp; sourceTree = "<group>"; };
		CDC2C8D11D1C4E910013E506 /* IITR_PSO */ = {isa = PBXFileReference; explicitFileType = "compiled.mach-o.executable"; includeInIndex = 0; path = IITR_PSO; sourceTree = BUILT_PRODUCTS_DIR; };
		CDC2C8D41D1C4E910013E506 /* main.cpp */ = {isa = PBXFileReference; lastKnownFileType = sourcecode.cpp.cpp; path = main.cpp; sourceTree = "<group>"; };
/* End PBXFileReference section */

/* Begin PBXFrameworksBuildPhase section */
		CDC2C8CE1D1C4E910013E506 /* Frameworks */ = {
			isa = PBXFrameworksBuildPhase;
			buildActionMask = 2147483647;
			files = (
			);
			runOnlyForDeploymentPostprocessing = 0;
		};
/* End PBXFrameworksBuildPhase section */

/* Begin PBXGroup section */
		CDC2C8C81D1C4E910013E506 = {
			isa = PBXGroup;
			children = (
				CD1FACA71D1FCF1F00DB4B6E /* Hritik.cpp */,
				CD1FACA81D1FCF1F00DB4B6E /* Hritik.hpp */,
				CDC2C8D31D1C4E910013E506 /* IITR_PSO */,
				CDC2C8D21D1C4E910013E506 /* Products */,
			);
			sourceTree = "<group>";
		};
		CDC2C8D21D1C4E910013E506 /* Products */ = {
			isa = PBXGroup;
			children = (
				CDC2C8D11D1C4E910013E506 /* IITR_PSO */,
			);
			name = Products;
			sourceTree = "<group>";
		};
		CDC2C8D31D1C4E910013E506 /* IITR_PSO */ = {
			isa = PBXGroup;
			children = (
				CDC2C8D41D1C4E910013E506 /* main.cpp */,
			);
			path = IITR_PSO;
			sourceTree = "<group>";
		};
/* End PBXGroup section */

/* Begin PBXNativeTarget section */
		CDC2C8D01D1C4E910013E506 /* IITR_PSO */ = {
			isa = PBXNativeTarget;
			buildConfigurationList = CDC2C8D81D1C4E910013E506 /* Build configuration list for PBXNativeTarget "IITR_PSO" */;
			buildPhases = (
				CDC2C8CD1D1C4E910013E506 /* Sources */,
				CDC2C8CE1D1C4E910013E506 /* Frameworks */,
				CDC2C8CF1D1C4E910013E506 /* CopyFiles */,
			);
			buildRules = (
			);
			dependencies = (
			);
			name = IITR_PSO;
			productName = IITR_PSO;
			productReference = CDC2C8D11D1C4E910013E506 /* IITR_PSO */;
			productType = "com.apple.product-type.tool";
		};
/* End PBXNativeTarget section */

/* Begin PBXProject section */
		CDC2C8C91D1C4E910013E506 /* Project object */ = {
			isa = PBXProject;
			attributes = {
				LastUpgradeCheck = 0730;
				ORGANIZATIONNAME = rishabh;
				TargetAttributes = {
					CDC2C8D01D1C4E910013E506 = {
						CreatedOnToolsVersion = 7.3;
					};
				};
			};
			buildConfigurationList = CDC2C8CC1D1C4E910013E506 /* Build configuration list for PBXProject "IITR_PSO" */;
			compatibilityVersion = "Xcode 3.2";
			developmentRegion = English;
			hasScannedForEncodings = 0;
			knownRegions = (
				en,
			);
			mainGroup = CDC2C8C81D1C4E910013E506;
			productRefGroup = CDC2C8D21D1C4E910013E506 /* Products */;
			projectDirPath = "";
			projectRoot = "";
			targets = (
				CDC2C8D01D1C4E910013E506 /* IITR_PSO */,
			);
		};
/* End PBXProject section */

/* Begin PBXSourcesBuildPhase section */
		CDC2C8CD1D1C4E910013E506 /* Sources */ = {
			isa = PBXSourcesBuildPhase;
			buildActionMask = 2147483647;
			files = (
				CD1FACA91D1FCF1F00DB4B6E /* Hritik.cpp in Sources */,
				CDC2C8D51D1C4E910013E506 /* main.cpp in Sources */,
			);
			runOnlyForDeploymentPostprocessing = 0;
		};
/* End PBXSourcesBuildPhase section */

/* Begin XCBuildConfiguration section */
		CDC2C8D61D1C4E910013E506 /* Debug */ = {
			isa = XCBuildConfiguration;
			buildSettings = {
				ALWAYS_SEARCH_USER_PATHS = NO;
				CLANG_ANALYZER_NONNULL = YES;
				CLANG_CXX_LANGUAGE_STANDARD = "gnu++0x";
				CLANG_CXX_LIBRARY = "libc++";
				CLANG_ENABLE_MODULES = YES;
				CLANG_ENABLE_OBJC_ARC = YES;
				CLANG_WARN_BOOL_CONVERSION = YES;
				CLANG_WARN_CONSTANT_CONVERSION = YES;
				CLANG_WARN_DIRECT_OBJC_ISA_USAGE = YES_ERROR;
				CLANG_WARN_EMPTY_BODY = YES;
				CLANG_WARN_ENUM_CONVERSION = YES;
				CLANG_WARN_INT_CONVERSION = YES;
				CLANG_WARN_OBJC_ROOT_CLASS = YES_ERROR;
				CLANG_WARN_UNREACHABLE_CODE = YES;
				CLANG_WARN__DUPLICATE_METHOD_MATCH = YES;
				CODE_SIGN_IDENTITY = "-";
				COPY_PHASE_STRIP = NO;
				DEBUG_INFORMATION_FORMAT = dwarf;
				ENABLE_STRICT_OBJC_MSGSEND = YES;
				ENABLE_TESTABILITY = YES;
				GCC_C_LANGUAGE_STANDARD = gnu99;
				GCC_DYNAMIC_NO_PIC = NO;
				GCC_NO_COMMON_BLOCKS = YES;
				GCC_OPTIMIZATION_LEVEL = 0;
				GCC_PREPROCESSOR_DEFINITIONS = (
					"DEBUG=1",
					"$(inherited)",
				);
				GCC_WARN_64_TO_32_BIT_CONVERSION = YES;
				GCC_WARN_ABOUT_RETURN_TYPE = YES_ERROR;
				GCC_WARN_UNDECLARED_SELECTOR = YES;
				GCC_WARN_UNINITIALIZED_AUTOS = YES_AGGRESSIVE;
				GCC_WARN_UNUSED_FUNCTION = YES;
				GCC_WARN_UNUSED_VARIABLE = YES;
				MACOSX_DEPLOYMENT_TARGET = 10.11;
				MTL_ENABLE_DEBUG_INFO = YES;
				ONLY_ACTIVE_ARCH = YES;
				SDKROOT = macosx;
			};
			name = Debug;
		};
		CDC2C8D71D1C4E910013E506 /* Release */ = {
			isa = XCBuildConfiguration;
			buildSettings = {
				ALWAYS_SEARCH_USER_PATHS = NO;
				CLANG_ANALYZER_NONNULL = YES;
				CLANG_CXX_LANGUAGE_STANDARD = "gnu++0x";
				CLANG_CXX_LIBRARY = "libc++";
				CLANG_ENABLE_MODULES = YES;
				CLANG_ENABLE_OBJC_ARC = YES;
				CLANG_WARN_BOOL_CONVERSION = YES;
				CLANG_WARN_CONSTANT_CONVERSION = YES;
				CLANG_WARN_DIRECT_OBJC_ISA_USAGE = YES_ERROR;
				CLANG_WARN_EMPTY_BODY = YES;
				CLANG_WARN_ENUM_CONVERSION = YES;
				CLANG_WARN_INT_CONVERSION = YES;
				CLANG_WARN_OBJC_ROOT_CLASS = YES_ERROR;
				CLANG_WARN_UNREACHABLE_CODE = YES;
				CLANG_WARN__DUPLICATE_METHOD_MATCH = YES;
				CODE_SIGN_IDENTITY = "-";
				COPY_PHASE_STRIP = NO;
				DEBUG_INFORMATION_FORMAT = "dwarf-with-dsym";
				ENABLE_NS_ASSERTIONS = NO;
				ENABLE_STRICT_OBJC_MSGSEND = YES;
				GCC_C_LANGUAGE_STANDARD = gnu99;
				GCC_NO_COMMON_BLOCKS = YES;
				GCC_WARN_64_TO_32_BIT_CONVERSION = YES;
				GCC_WARN_ABOUT_RETURN_TYPE = YES_ERROR;
				GCC_WARN_UNDECLARED_SELECTOR = YES;
				GCC_WARN_UNINITIALIZED_AUTOS = YES_AGGRESSIVE;
				GCC_WARN_UNUSED_FUNCTION = YES;
				GCC_WARN_UNUSED_VARIABLE = YES;
				MACOSX_DEPLOYMENT_TARGET = 10.11;
				MTL_ENABLE_DEBUG_INFO = NO;
				SDKROOT = macosx;
			};
			name = Release;
		};
		CDC2C8D91D1C4E910013E506 /* Debug */ = {
			isa = XCBuildConfiguration;
			buildSettings = {
				PRODUCT_NAME = "$(TARGET_NAME)";
			};
			name = Debug;
		};
		CDC2C8DA1D1C4E910013E506 /* Release */ = {
			isa = XCBuildConfiguration;
			buildSettings = {
				PRODUCT_NAME = "$(TARGET_NAME)";
			};
			name = Release;
		};
/* End XCBuildConfiguration section */

/* Begin XCConfigurationList section */
		CDC2C8CC1D1C4E910013E506 /* Build configuration list for PBXProject "IITR_PSO" */ = {
			isa = XCConfigurationList;
			buildConfigurations = (
				CDC2C8D61D1C4E910013E506 /* Debug */,
				CDC2C8D71D1C4E910013E506 /* Release */,
			);
			defaultConfigurationIsVisible = 0;
			defaultConfigurationName = Release;
		};
		CDC2C8D81D1C4E910013E506 /* Build configuration list for PBXNativeTarget "IITR_PSO" */ = {
			isa = XCConfigurationList;
			buildConfigurations = (
				CDC2C8D91D1C4E910013E506 /* Debug */,
				CDC2C8DA1D1C4E910013E506 /* Release */,
			);
			defaultConfigurationIsVisible = 0;
			defaultConfigurationName = Release;
		};
/* End XCConfigurationList section */
	};
	rootObject = CDC2C8C91D1C4E910013E506 /* Project object */;
}
